
Microsoft Visual Studio Solution File, Format Version 12.00
Project("{FAE04EC0-301F-11D3-BF4B-00C04F79EFBC}") = "Valetax.Api", "src\Valetax.Api\Valetax.Api.csproj", "{5C3D153F-DF68-4BEA-9F31-8499278D7599}"
EndProject
Project("{2150E333-8FDC-42A3-9474-1A3956D46DE8}") = "src", "src", "{827E0CD3-B72D-47B6-A68D-7590B98EB39B}"
EndProject
Project("{FAE04EC0-301F-11D3-BF4B-00C04F79EFBC}") = "Valetax.Domain", "src\Valetax.Domain\Valetax.Domain.csproj", "{592FF401-6F5A-4334-B80A-713BA49B0682}"
EndProject
Project("{FAE04EC0-301F-11D3-BF4B-00C04F79EFBC}") = "Valetax.Application", "src\Valetax.Application\Valetax.Application.csproj", "{DCDE4B1F-BDEF-4BA9-A278-33EA1AB012D6}"
EndProject
Project("{FAE04EC0-301F-11D3-BF4B-00C04F79EFBC}") = "Valetax.Infrastructure", "src\Valetax.Infrastructure\Valetax.Infrastructure.csproj", "{29E52AC6-412D-4202-BAF4-0040BFD9E292}"
EndProject
Project("{2150E333-8FDC-42A3-9474-1A3956D46DE8}") = "tests", "tests", "{0AB3BF05-4346-4AA6-1389-037BE0695223}"
EndProject
Project("{FAE04EC0-301F-11D3-BF4B-00C04F79EFBC}") = "Valetax.UnitTests", "tests\Valetax.UnitTests\Valetax.UnitTests.csproj", "{AC100194-07D5-4866-9957-96FB705D2713}"
EndProject
Project("{FAE04EC0-301F-11D3-BF4B-00C04F79EFBC}") = "Valetax.IntegrationTests", "tests\Valetax.IntegrationTests\Valetax.IntegrationTests.csproj", "{D3327CF3-DDAB-47C9-B738-8387FAE362D4}"
EndProject
Global
	GlobalSection(SolutionConfigurationPlatforms) = preSolution
		Debug|Any CPU = Debug|Any CPU
		Debug|x64 = Debug|x64
		Debug|x86 = Debug|x86
		Release|Any CPU = Release|Any CPU
		Release|x64 = Release|x64
		Release|x86 = Release|x86
	EndGlobalSection
	GlobalSection(ProjectConfigurationPlatforms) = postSolution
		{5C3D153F-DF68-4BEA-9F31-8499278D7599}.Debug|Any CPU.ActiveCfg = Debug|Any CPU
		{5C3D153F-DF68-4BEA-9F31-8499278D7599}.Debug|Any CPU.Build.0 = Debug|Any CPU
		{5C3D153F-DF68-4BEA-9F31-8499278D7599}.Debug|x64.ActiveCfg = Debug|Any CPU
		{5C3D153F-DF68-4BEA-9F31-8499278D7599}.Debug|x64.Build.0 = Debug|Any CPU
		{5C3D153F-DF68-4BEA-9F31-8499278D7599}.Debug|x86.ActiveCfg = Debug|Any CPU
		{5C3D153F-DF68-4BEA-9F31-8499278D7599}.Debug|x86.Build.0 = Debug|Any CPU
		{5C3D153F-DF68-4BEA-9F31-8499278D7599}.Release|Any CPU.ActiveCfg = Release|Any CPU
		{5C3D153F-DF68-4BEA-9F31-8499278D7599}.Release|Any CPU.Build.0 = Release|Any CPU
		{5C3D153F-DF68-4BEA-9F31-8499278D7599}.Release|x64.ActiveCfg = Release|Any CPU
		{5C3D153F-DF68-4BEA-9F31-8499278D7599}.Release|x64.Build.0 = Release|Any CPU
		{5C3D153F-DF68-4BEA-9F31-8499278D7599}.Release|x86.ActiveCfg = Release|Any CPU
		{5C3D153F-DF68-4BEA-9F31-8499278D7599}.Release|x86.Build.0 = Release|Any CPU
		{592FF401-6F5A-4334-B80A-713BA49B0682}.Debug|Any CPU.ActiveCfg = Debug|Any CPU
		{592FF401-6F5A-4334-B80A-713BA49B0682}.Debug|Any CPU.Build.0 = Debug|Any CPU
		{592FF401-6F5A-4334-B80A-713BA49B0682}.Debug|x64.ActiveCfg = Debug|Any CPU
		{592FF401-6F5A-4334-B80A-713BA49B0682}.Debug|x64.Build.0 = Debug|Any CPU
		{592FF401-6F5A-4334-B80A-713BA49B0682}.Debug|x86.ActiveCfg = Debug|Any CPU
		{592FF401-6F5A-4334-B80A-713BA49B0682}.Debug|x86.Build.0 = Debug|Any CPU
		{592FF401-6F5A-4334-B80A-713BA49B0682}.Release|Any CPU.ActiveCfg = Release|Any CPU
		{592FF401-6F5A-4334-B80A-713BA49B0682}.Release|Any CPU.Build.0 = Release|Any CPU
		{592FF401-6F5A-4334-B80A-713BA49B0682}.Release|x64.ActiveCfg = Release|Any CPU
		{592FF401-6F5A-4334-B80A-713BA49B0682}.Release|x64.Build.0 = Release|Any CPU
		{592FF401-6F5A-4334-B80A-713BA49B0682}.Release|x86.ActiveCfg = Release|Any CPU
		{592FF401-6F5A-4334-B80A-713BA49B0682}.Release|x86.Build.0 = Release|Any CPU
		{DCDE4B1F-BDEF-4BA9-A278-33EA1AB012D6}.Debug|Any CPU.ActiveCfg = Debug|Any CPU
		{DCDE4B1F-BDEF-4BA9-A278-33EA1AB012D6}.Debug|Any CPU.Build.0 = Debug|Any CPU
		{DCDE4B1F-BDEF-4BA9-A278-33EA1AB012D6}.Debug|x64.ActiveCfg = Debug|Any CPU
		{DCDE4B1F-BDEF-4BA9-A278-33EA1AB012D6}.Debug|x64.Build.0 = Debug|Any CPU
		{DCDE4B1F-BDEF-4BA9-A278-33EA1AB012D6}.Debug|x86.ActiveCfg = Debug|Any CPU
		{DCDE4B1F-BDEF-4BA9-A278-33EA1AB012D6}.Debug|x86.Build.0 = Debug|Any CPU
		{DCDE4B1F-BDEF-4BA9-A278-33EA1AB012D6}.Release|Any CPU.ActiveCfg = Release|Any CPU
		{DCDE4B1F-BDEF-4BA9-A278-33EA1AB012D6}.Release|Any CPU.Build.0 = Release|Any CPU
		{DCDE4B1F-BDEF-4BA9-A278-33EA1AB012D6}.Release|x64.ActiveCfg = Release|Any CPU
		{DCDE4B1F-BDEF-4BA9-A278-33EA1AB012D6}.Release|x64.Build.0 = Release|Any CPU
		{DCDE4B1F-BDEF-4BA9-A278-33EA1AB012D6}.Release|x86.ActiveCfg = Release|Any CPU
		{DCDE4B1F-BDEF-4BA9-A278-33EA1AB012D6}.Release|x86.Build.0 = Release|Any CPU
		{29E52AC6-412D-4202-BAF4-0040BFD9E292}.Debug|Any CPU.ActiveCfg = Debug|Any CPU
		{29E52AC6-412D-4202-BAF4-0040BFD9E292}.Debug|Any CPU.Build.0 = Debug|Any CPU
		{29E52AC6-412D-4202-BAF4-0040BFD9E292}.Debug|x64.ActiveCfg = Debug|Any CPU
		{29E52AC6-412D-4202-BAF4-0040BFD9E292}.Debug|x64.Build.0 = Debug|Any CPU
		{29E52AC6-412D-4202-BAF4-0040BFD9E292}.Debug|x86.ActiveCfg = Debug|Any CPU
		{29E52AC6-412D-4202-BAF4-0040BFD9E292}.Debug|x86.Build.0 = Debug|Any CPU
		{29E52AC6-412D-4202-BAF4-0040BFD9E292}.Release|Any CPU.ActiveCfg = Release|Any CPU
		{29E52AC6-412D-4202-BAF4-0040BFD9E292}.Release|Any CPU.Build.0 = Release|Any CPU
		{29E52AC6-412D-4202-BAF4-0040BFD9E292}.Release|x64.ActiveCfg = Release|Any CPU
		{29E52AC6-412D-4202-BAF4-0040BFD9E292}.Release|x64.Build.0 = Release|Any CPU
		{29E52AC6-412D-4202-BAF4-0040BFD9E292}.Release|x86.ActiveCfg = Release|Any CPU
		{29E52AC6-412D-4202-BAF4-0040BFD9E292}.Release|x86.Build.0 = Release|Any CPU
		{AC100194-07D5-4866-9957-96FB705D2713}.Debug|Any CPU.ActiveCfg = Debug|Any CPU
		{AC100194-07D5-4866-9957-96FB705D2713}.Debug|Any CPU.Build.0 = Debug|Any CPU
		{AC100194-07D5-4866-9957-96FB705D2713}.Debug|x64.ActiveCfg = Debug|Any CPU
		{AC100194-07D5-4866-9957-96FB705D2713}.Debug|x64.Build.0 = Debug|Any CPU
		{AC100194-07D5-4866-9957-96FB705D2713}.Debug|x86.ActiveCfg = Debug|Any CPU
		{AC100194-07D5-4866-9957-96FB705D2713}.Debug|x86.Build.0 = Debug|Any CPU
		{AC100194-07D5-4866-9957-96FB705D2713}.Release|Any CPU.ActiveCfg = Release|Any CPU
		{AC100194-07D5-4866-9957-96FB705D2713}.Release|Any CPU.Build.0 = Release|Any CPU
		{AC100194-07D5-4866-9957-96FB705D2713}.Release|x64.ActiveCfg = Release|Any CPU
		{AC100194-07D5-4866-9957-96FB705D2713}.Release|x64.Build.0 = Release|Any CPU
		{AC100194-07D5-4866-9957-96FB705D2713}.Release|x86.ActiveCfg = Release|Any CPU
		{AC100194-07D5-4866-9957-96FB705D2713}.Release|x86.Build.0 = Release|Any CPU
		{D3327CF3-DDAB-47C9-B738-8387FAE362D4}.Debug|Any CPU.ActiveCfg = Debug|Any CPU
		{D3327CF3-DDAB-47C9-B738-8387FAE362D4}.Debug|Any CPU.Build.0 = Debug|Any CPU
		{D3327CF3-DDAB-47C9-B738-8387FAE362D4}.Debug|x64.ActiveCfg = Debug|Any CPU
		{D3327CF3-DDAB-47C9-B738-8387FAE362D4}.Debug|x64.Build.0 = Debug|Any CPU
		{D3327CF3-DDAB-47C9-B738-8387FAE362D4}.Debug|x86.ActiveCfg = Debug|Any CPU
		{D3327CF3-DDAB-47C9-B738-8387FAE362D4}.Debug|x86.Build.0 = Debug|Any CPU
		{D3327CF3-DDAB-47C9-B738-8387FAE362D4}.Release|Any CPU.ActiveCfg = Release|Any CPU
		{D3327CF3-DDAB-47C9-B738-8387FAE362D4}.Release|Any CPU.Build.0 = Release|Any CPU
		{D3327CF3-DDAB-47C9-B738-8387FAE362D4}.Release|x64.ActiveCfg = Release|Any CPU
		{D3327CF3-DDAB-47C9-B738-8387FAE362D4}.Release|x64.Build.0 = Release|Any CPU
		{D3327CF3-DDAB-47C9-B738-8387FAE362D4}.Release|x86.ActiveCfg = Release|Any CPU
		{D3327CF3-DDAB-47C9-B738-8387FAE362D4}.Release|x86.Build.0 = Release|Any CPU
	EndGlobalSection
	GlobalSection(SolutionProperties) = preSolution
		HideSolutionNode = FALSE
	EndGlobalSection
	GlobalSection(NestedProjects) = preSolution
		{5C3D153F-DF68-4BEA-9F31-8499278D7599} = {827E0CD3-B72D-47B6-A68D-7590B98EB39B}
		{592FF401-6F5A-4334-B80A-713BA49B0682} = {827E0CD3-B72D-47B6-A68D-7590B98EB39B}
		{DCDE4B1F-BDEF-4BA9-A278-33EA1AB012D6} = {827E0CD3-B72D-47B6-A68D-7590B98EB39B}
		{29E52AC6-412D-4202-BAF4-0040BFD9E292} = {827E0CD3-B72D-47B6-A68D-7590B98EB39B}
		{AC100194-07D5-4866-9957-96FB705D2713} = {0AB3BF05-4346-4AA6-1389-037BE0695223}
		{D3327CF3-DDAB-47C9-B738-8387FAE362D4} = {0AB3BF05-4346-4AA6-1389-037BE0695223}
	EndGlobalSection
EndGlobal
